
Microsoft Visual Studio Solution File, Format Version 12.00
# Visual Studio Version 17
VisualStudioVersion = 17.9.34622.214
MinimumVisualStudioVersion = 10.0.40219.1
Project("{FAE04EC0-301F-11D3-BF4B-00C04F79EFBC}") = "SolidWorksTankDesign", "SolidWorksTankDesign\SolidWorksTankDesign.csproj", "{AA5CF2AD-5CE2-4E17-BF20-2BBC779C0AE2}"
EndProject
Project("{FAE04EC0-301F-11D3-BF4B-00C04F79EFBC}") = "WarningAndErrorService", "WarningAndErrorService\WarningAndErrorService.csproj", "{95D50005-C956-4D6A-BC2E-FBACB11488B7}"
EndProject
Project("{2150E333-8FDC-42A3-9474-1A3956D46DE8}") = "Solution Items", "Solution Items", "{BB30A342-AA9E-44DF-B4CF-6944B3B30A83}"
	ProjectSection(SolutionItems) = preProject
		.editorconfig = .editorconfig
	EndProjectSection
EndProject
Project("{FAE04EC0-301F-11D3-BF4B-00C04F79EFBC}") = "FlangeSetup", "FlangeSetup\FlangeSetup.csproj", "{B3A1C2D4-5E6F-7A8B-9C0D-1E2F3A4B5C6D}"
EndProject
Project("{FAE04EC0-301F-11D3-BF4B-00C04F79EFBC}") = "SolidWorksSetup", "SolidWorksSetup\SolidWorksSetup.csproj", "{0EB17C0E-0F52-4EA4-9D70-AA2269EF15AF}"
EndProject
Global
	GlobalSection(SolutionConfigurationPlatforms) = preSolution
		Debug|Any CPU = Debug|Any CPU
		Debug|x64 = Debug|x64
		Debug|x86 = Debug|x86
		Release|Any CPU = Release|Any CPU
		Release|x64 = Release|x64
		Release|x86 = Release|x86
	EndGlobalSection
	GlobalSection(ProjectConfigurationPlatforms) = postSolution
		{AA5CF2AD-5CE2-4E17-BF20-2BBC779C0AE2}.Debug|Any CPU.ActiveCfg = Debug|Any CPU
		{AA5CF2AD-5CE2-4E17-BF20-2BBC779C0AE2}.Debug|Any CPU.Build.0 = Debug|Any CPU
		{AA5CF2AD-5CE2-4E17-BF20-2BBC779C0AE2}.Debug|x64.ActiveCfg = Debug|Any CPU
		{AA5CF2AD-5CE2-4E17-BF20-2BBC779C0AE2}.Debug|x64.Build.0 = Debug|Any CPU
		{AA5CF2AD-5CE2-4E17-BF20-2BBC779C0AE2}.Debug|x86.ActiveCfg = Debug|Any CPU
		{AA5CF2AD-5CE2-4E17-BF20-2BBC779C0AE2}.Debug|x86.Build.0 = Debug|Any CPU
		{AA5CF2AD-5CE2-4E17-BF20-2BBC779C0AE2}.Release|Any CPU.ActiveCfg = Release|Any CPU
		{AA5CF2AD-5CE2-4E17-BF20-2BBC779C0AE2}.Release|Any CPU.Build.0 = Release|Any CPU
		{AA5CF2AD-5CE2-4E17-BF20-2BBC779C0AE2}.Release|x64.ActiveCfg = Release|Any CPU
		{AA5CF2AD-5CE2-4E17-BF20-2BBC779C0AE2}.Release|x64.Build.0 = Release|Any CPU
		{AA5CF2AD-5CE2-4E17-BF20-2BBC779C0AE2}.Release|x86.ActiveCfg = Release|Any CPU
		{AA5CF2AD-5CE2-4E17-BF20-2BBC779C0AE2}.Release|x86.Build.0 = Release|Any CPU
		{95D50005-C956-4D6A-BC2E-FBACB11488B7}.Debug|Any CPU.ActiveCfg = Debug|Any CPU
		{95D50005-C956-4D6A-BC2E-FBACB11488B7}.Debug|Any CPU.Build.0 = Debug|Any CPU
		{95D50005-C956-4D6A-BC2E-FBACB11488B7}.Debug|x64.ActiveCfg = Debug|Any CPU
		{95D50005-C956-4D6A-BC2E-FBACB11488B7}.Debug|x64.Build.0 = Debug|Any CPU
		{95D50005-C956-4D6A-BC2E-FBACB11488B7}.Debug|x86.ActiveCfg = Debug|Any CPU
		{95D50005-C956-4D6A-BC2E-FBACB11488B7}.Debug|x86.Build.0 = Debug|Any CPU
		{95D50005-C956-4D6A-BC2E-FBACB11488B7}.Release|Any CPU.ActiveCfg = Release|Any CPU
		{95D50005-C956-4D6A-BC2E-FBACB11488B7}.Release|Any CPU.Build.0 = Release|Any CPU
		{95D50005-C956-4D6A-BC2E-FBACB11488B7}.Release|x64.ActiveCfg = Release|Any CPU
		{95D50005-C956-4D6A-BC2E-FBACB11488B7}.Release|x64.Build.0 = Release|Any CPU
		{95D50005-C956-4D6A-BC2E-FBACB11488B7}.Release|x86.ActiveCfg = Release|Any CPU
		{95D50005-C956-4D6A-BC2E-FBACB11488B7}.Release|x86.Build.0 = Release|Any CPU
		{B3A1C2D4-5E6F-7A8B-9C0D-1E2F3A4B5C6D}.Debug|Any CPU.ActiveCfg = Debug|Any CPU
		{B3A1C2D4-5E6F-7A8B-9C0D-1E2F3A4B5C6D}.Debug|Any CPU.Build.0 = Debug|Any CPU
		{B3A1C2D4-5E6F-7A8B-9C0D-1E2F3A4B5C6D}.Debug|x64.ActiveCfg = Debug|Any CPU
		{B3A1C2D4-5E6F-7A8B-9C0D-1E2F3A4B5C6D}.Debug|x64.Build.0 = Debug|Any CPU
		{B3A1C2D4-5E6F-7A8B-9C0D-1E2F3A4B5C6D}.Debug|x86.ActiveCfg = Debug|Any CPU
		{B3A1C2D4-5E6F-7A8B-9C0D-1E2F3A4B5C6D}.Debug|x86.Build.0 = Debug|Any CPU
		{B3A1C2D4-5E6F-7A8B-9C0D-1E2F3A4B5C6D}.Release|Any CPU.ActiveCfg = Release|Any CPU
		{B3A1C2D4-5E6F-7A8B-9C0D-1E2F3A4B5C6D}.Release|Any CPU.Build.0 = Release|Any CPU
		{B3A1C2D4-5E6F-7A8B-9C0D-1E2F3A4B5C6D}.Release|x64.ActiveCfg = Release|Any CPU
		{B3A1C2D4-5E6F-7A8B-9C0D-1E2F3A4B5C6D}.Release|x64.Build.0 = Release|Any CPU
		{B3A1C2D4-5E6F-7A8B-9C0D-1E2F3A4B5C6D}.Release|x86.ActiveCfg = Release|Any CPU
		{B3A1C2D4-5E6F-7A8B-9C0D-1E2F3A4B5C6D}.Release|x86.Build.0 = Release|Any CPU
		{0EB17C0E-0F52-4EA4-9D70-AA2269EF15AF}.Debug|Any CPU.ActiveCfg = Debug|Any CPU
		{0EB17C0E-0F52-4EA4-9D70-AA2269EF15AF}.Debug|Any CPU.Build.0 = Debug|Any CPU
		{0EB17C0E-0F52-4EA4-9D70-AA2269EF15AF}.Debug|x64.ActiveCfg = Debug|Any CPU
		{0EB17C0E-0F52-4EA4-9D70-AA2269EF15AF}.Debug|x64.Build.0 = Debug|Any CPU
		{0EB17C0E-0F52-4EA4-9D70-AA2269EF15AF}.Debug|x86.ActiveCfg = Debug|Any CPU
		{0EB17C0E-0F52-4EA4-9D70-AA2269EF15AF}.Debug|x86.Build.0 = Debug|Any CPU
		{0EB17C0E-0F52-4EA4-9D70-AA2269EF15AF}.Release|Any CPU.ActiveCfg = Release|Any CPU
		{0EB17C0E-0F52-4EA4-9D70-AA2269EF15AF}.Release|Any CPU.Build.0 = Release|Any CPU
		{0EB17C0E-0F52-4EA4-9D70-AA2269EF15AF}.Release|x64.ActiveCfg = Release|Any CPU
		{0EB17C0E-0F52-4EA4-9D70-AA2269EF15AF}.Release|x64.Build.0 = Release|Any CPU
		{0EB17C0E-0F52-4EA4-9D70-AA2269EF15AF}.Release|x86.ActiveCfg = Release|Any CPU
		{0EB17C0E-0F52-4EA4-9D70-AA2269EF15AF}.Release|x86.Build.0 = Release|Any CPU
	EndGlobalSection
	GlobalSection(SolutionProperties) = preSolution
		HideSolutionNode = FALSE
	EndGlobalSection
	GlobalSection(ExtensibilityGlobals) = postSolution
		SolutionGuid = {133F046F-81EB-4B18-93EF-FB84F6B7146E}
	EndGlobalSection
EndGlobal
